
Microsoft Visual Studio Solution File, Format Version 12.00
# Visual Studio Version 17
VisualStudioVersion = 17.10.35004.147
MinimumVisualStudioVersion = 10.0.40219.1
Project("{FAE04EC0-301F-11D3-BF4B-00C04F79EFBC}") = "Formulario", "Formulario\Formulario.csproj", "{6203F0AA-9CA3-447D-959C-E42A229F6BB3}"
EndProject
Global
	GlobalSection(SolutionConfigurationPlatforms) = preSolution
		Debug|Any CPU = Debug|Any CPU
		Release|Any CPU = Release|Any CPU
	EndGlobalSection
	GlobalSection(ProjectConfigurationPlatforms) = postSolution
		{6203F0AA-9CA3-447D-959C-E42A229F6BB3}.Debug|Any CPU.ActiveCfg = Debug|Any CPU
		{6203F0AA-9CA3-447D-959C-E42A229F6BB3}.Debug|Any CPU.Build.0 = Debug|Any CPU
		{6203F0AA-9CA3-447D-959C-E42A229F6BB3}.Release|Any CPU.ActiveCfg = Release|Any CPU
		{6203F0AA-9CA3-447D-959C-E42A229F6BB3}.Release|Any CPU.Build.0 = Release|Any CPU
	EndGlobalSection
	GlobalSection(SolutionProperties) = preSolution
		HideSolutionNode = FALSE
	EndGlobalSection
	GlobalSection(ExtensibilityGlobals) = postSolution
		SolutionGuid = {2EEB9A6F-42EE-4A75-95F3-1F49B1D68AAB}
	EndGlobalSection
EndGlobal
